
Microsoft Visual Studio Solution File, Format Version 12.00
# Visual Studio 14
VisualStudioVersion = 14.0.25420.1
MinimumVisualStudioVersion = 10.0.40219.1
Project("{2150E333-8FDC-42A3-9474-1A3956D46DE8}") = "알고리즘", "알고리즘", "{45DE96AD-9B97-41D6-B602-62DA9DCA84B9}"
EndProject
Project("{8BC9CEB8-8B4A-11D0-8D11-00A0C91BC942}") = "1일차", "1일차\1일차.vcxproj", "{45B41E1F-6EF2-4107-B13D-D187B45F7F13}"
EndProject
Project("{2150E333-8FDC-42A3-9474-1A3956D46DE8}") = "연습", "연습", "{DB568675-8131-4B61-8E88-A6E253C8D594}"
	ProjectSection(SolutionItems) = preProject
		readme.md = readme.md
	EndProjectSection
EndProject
Project("{8BC9CEB8-8B4A-11D0-8D11-00A0C91BC942}") = "연습_다익스트라", "연습\연습.vcxproj", "{843B3C37-0591-46D8-BCC3-BB3F9D1C4370}"
EndProject
Project("{8BC9CEB8-8B4A-11D0-8D11-00A0C91BC942}") = "연습_dp1", "연습_dp1\연습_dp1.vcxproj", "{132B0F29-5A6A-4F16-BA9E-D9F0406D1300}"
EndProject
Project("{8BC9CEB8-8B4A-11D0-8D11-00A0C91BC942}") = "연습_이분탐색", "연습_이분탐색\연습_이분탐색.vcxproj", "{7FD5FF3D-67BF-405A-A9B5-A66452007C8E}"
EndProject
Project("{8BC9CEB8-8B4A-11D0-8D11-00A0C91BC942}") = "투포인터", "투포인터\투포인터.vcxproj", "{291BC564-0CC4-4237-9744-8CA499749418}"
EndProject
Project("{8BC9CEB8-8B4A-11D0-8D11-00A0C91BC942}") = "2일차", "2일차\2일차.vcxproj", "{35B560A2-F019-45C1-8870-628CD6C3E707}"
EndProject
Project("{8BC9CEB8-8B4A-11D0-8D11-00A0C91BC942}") = "누적합", "누적합\누적합.vcxproj", "{E4933EAE-38BA-4877-A39C-7F612FBFC53A}"
EndProject
Project("{8BC9CEB8-8B4A-11D0-8D11-00A0C91BC942}") = "BFS", "BFS\BFS.vcxproj", "{F6F4ABB2-A295-4616-856D-BAD018C49EE2}"
EndProject
Project("{2150E333-8FDC-42A3-9474-1A3956D46DE8}") = "자료구조", "자료구조", "{BB7B8321-F153-416E-8545-8E2098D311B5}"
EndProject
Project("{8BC9CEB8-8B4A-11D0-8D11-00A0C91BC942}") = "정렬", "정렬\정렬.vcxproj", "{2CC3A061-CF79-4C44-AB91-91BCF27AB4A5}"
EndProject
Project("{8BC9CEB8-8B4A-11D0-8D11-00A0C91BC942}") = "DFS", "DFS\DFS.vcxproj", "{BBA8E6C9-55A5-436C-80C9-3113389FB656}"
EndProject
Project("{8BC9CEB8-8B4A-11D0-8D11-00A0C91BC942}") = "3일차", "3일차\3일차.vcxproj", "{28BD8FBA-B1DC-4432-B2B0-386328D727F9}"
EndProject
Project("{8BC9CEB8-8B4A-11D0-8D11-00A0C91BC942}") = "구현", "구현\구현.vcxproj", "{C649A153-D2BA-4D1B-A1C5-ACF60A807DA4}"
EndProject
Project("{8BC9CEB8-8B4A-11D0-8D11-00A0C91BC942}") = "4일차", "4일차\4일차.vcxproj", "{57452DCE-DA20-4193-87E1-A7AEA3589F83}"
EndProject
Project("{8BC9CEB8-8B4A-11D0-8D11-00A0C91BC942}") = "그래프", "그래프\그래프.vcxproj", "{24A88F16-C40D-41AD-92B1-B6EFF75562DA}"
EndProject
Project("{8BC9CEB8-8B4A-11D0-8D11-00A0C91BC942}") = "5일차", "5일차\5일차.vcxproj", "{82939555-6457-4A22-96A8-AFF91D551B50}"
EndProject
Project("{8BC9CEB8-8B4A-11D0-8D11-00A0C91BC942}") = "6일차", "6일차\6일차.vcxproj", "{0235B48F-44C6-4D6D-AA59-D5AC98921820}"
EndProject
Project("{8BC9CEB8-8B4A-11D0-8D11-00A0C91BC942}") = "7일차", "7일차\7일차.vcxproj", "{46992142-ED1B-4672-A081-BA434E80D818}"
EndProject
Project("{8BC9CEB8-8B4A-11D0-8D11-00A0C91BC942}") = "8일차", "8일차\8일차.vcxproj", "{692DDA64-ABFB-44F3-8077-98359182F3A9}"
EndProject
Project("{8BC9CEB8-8B4A-11D0-8D11-00A0C91BC942}") = "9일차", "9일차\9일차.vcxproj", "{9298FE61-80A4-4740-8013-6EB6CAED30C8}"
EndProject
Project("{8BC9CEB8-8B4A-11D0-8D11-00A0C91BC942}") = "10일차", "10일차\10일차.vcxproj", "{7A89E9B8-6651-4C83-ADE1-C0A80B96CD1E}"
EndProject
Project("{8BC9CEB8-8B4A-11D0-8D11-00A0C91BC942}") = "11일차", "11일차\11일차.vcxproj", "{DF9E5F7B-EEF7-4CF4-9AB5-C56BEDAAA217}"
EndProject
Project("{8BC9CEB8-8B4A-11D0-8D11-00A0C91BC942}") = "12일차", "12일차\12일차.vcxproj", "{2DDD0EEB-7ABE-4435-9397-790DE4AD5730}"
EndProject
Project("{8BC9CEB8-8B4A-11D0-8D11-00A0C91BC942}") = "13일차", "13일차\13일차.vcxproj", "{8C7B3BBE-378B-4F7E-9A3A-DC80665D76EC}"
EndProject
Project("{8BC9CEB8-8B4A-11D0-8D11-00A0C91BC942}") = "14일차", "14일차\14일차.vcxproj", "{8A80B1F3-27C2-4F0A-BED5-9F74C67AC5A9}"
EndProject
Project("{8BC9CEB8-8B4A-11D0-8D11-00A0C91BC942}") = "15일차", "15일차\15일차.vcxproj", "{85E0C194-F0E2-4C9B-ACF5-EEB1593492EB}"
EndProject
Project("{8BC9CEB8-8B4A-11D0-8D11-00A0C91BC942}") = "16일차", "16일차\16일차.vcxproj", "{9218EB7E-E9D0-4EAE-84DB-3CE474D93B8E}"
EndProject
Project("{2150E333-8FDC-42A3-9474-1A3956D46DE8}") = "재시도", "재시도", "{94215A1C-F2EF-4CCB-A2AB-CCDA12D9B979}"
EndProject
Project("{8BC9CEB8-8B4A-11D0-8D11-00A0C91BC942}") = "재시도", "재시도\재시도.vcxproj", "{72C4920D-088F-4796-8816-64FEB2329129}"
EndProject
Project("{8BC9CEB8-8B4A-11D0-8D11-00A0C91BC942}") = "17일차", "17일차\17일차.vcxproj", "{DBE864C9-00F3-4BF1-849C-FBE61F994B50}"
EndProject
Global
	GlobalSection(SolutionConfigurationPlatforms) = preSolution
		Debug|x64 = Debug|x64
		Debug|x86 = Debug|x86
		Release|x64 = Release|x64
		Release|x86 = Release|x86
	EndGlobalSection
	GlobalSection(ProjectConfigurationPlatforms) = postSolution
		{45B41E1F-6EF2-4107-B13D-D187B45F7F13}.Debug|x64.ActiveCfg = Debug|x64
		{45B41E1F-6EF2-4107-B13D-D187B45F7F13}.Debug|x64.Build.0 = Debug|x64
		{45B41E1F-6EF2-4107-B13D-D187B45F7F13}.Debug|x86.ActiveCfg = Debug|Win32
		{45B41E1F-6EF2-4107-B13D-D187B45F7F13}.Debug|x86.Build.0 = Debug|Win32
		{45B41E1F-6EF2-4107-B13D-D187B45F7F13}.Release|x64.ActiveCfg = Release|x64
		{45B41E1F-6EF2-4107-B13D-D187B45F7F13}.Release|x64.Build.0 = Release|x64
		{45B41E1F-6EF2-4107-B13D-D187B45F7F13}.Release|x86.ActiveCfg = Release|Win32
		{45B41E1F-6EF2-4107-B13D-D187B45F7F13}.Release|x86.Build.0 = Release|Win32
		{843B3C37-0591-46D8-BCC3-BB3F9D1C4370}.Debug|x64.ActiveCfg = Debug|x64
		{843B3C37-0591-46D8-BCC3-BB3F9D1C4370}.Debug|x64.Build.0 = Debug|x64
		{843B3C37-0591-46D8-BCC3-BB3F9D1C4370}.Debug|x86.ActiveCfg = Debug|Win32
		{843B3C37-0591-46D8-BCC3-BB3F9D1C4370}.Debug|x86.Build.0 = Debug|Win32
		{843B3C37-0591-46D8-BCC3-BB3F9D1C4370}.Release|x64.ActiveCfg = Release|x64
		{843B3C37-0591-46D8-BCC3-BB3F9D1C4370}.Release|x64.Build.0 = Release|x64
		{843B3C37-0591-46D8-BCC3-BB3F9D1C4370}.Release|x86.ActiveCfg = Release|Win32
		{843B3C37-0591-46D8-BCC3-BB3F9D1C4370}.Release|x86.Build.0 = Release|Win32
		{132B0F29-5A6A-4F16-BA9E-D9F0406D1300}.Debug|x64.ActiveCfg = Debug|x64
		{132B0F29-5A6A-4F16-BA9E-D9F0406D1300}.Debug|x64.Build.0 = Debug|x64
		{132B0F29-5A6A-4F16-BA9E-D9F0406D1300}.Debug|x86.ActiveCfg = Debug|Win32
		{132B0F29-5A6A-4F16-BA9E-D9F0406D1300}.Debug|x86.Build.0 = Debug|Win32
		{132B0F29-5A6A-4F16-BA9E-D9F0406D1300}.Release|x64.ActiveCfg = Release|x64
		{132B0F29-5A6A-4F16-BA9E-D9F0406D1300}.Release|x64.Build.0 = Release|x64
		{132B0F29-5A6A-4F16-BA9E-D9F0406D1300}.Release|x86.ActiveCfg = Release|Win32
		{132B0F29-5A6A-4F16-BA9E-D9F0406D1300}.Release|x86.Build.0 = Release|Win32
		{7FD5FF3D-67BF-405A-A9B5-A66452007C8E}.Debug|x64.ActiveCfg = Debug|x64
		{7FD5FF3D-67BF-405A-A9B5-A66452007C8E}.Debug|x64.Build.0 = Debug|x64
		{7FD5FF3D-67BF-405A-A9B5-A66452007C8E}.Debug|x86.ActiveCfg = Debug|Win32
		{7FD5FF3D-67BF-405A-A9B5-A66452007C8E}.Debug|x86.Build.0 = Debug|Win32
		{7FD5FF3D-67BF-405A-A9B5-A66452007C8E}.Release|x64.ActiveCfg = Release|x64
		{7FD5FF3D-67BF-405A-A9B5-A66452007C8E}.Release|x64.Build.0 = Release|x64
		{7FD5FF3D-67BF-405A-A9B5-A66452007C8E}.Release|x86.ActiveCfg = Release|Win32
		{7FD5FF3D-67BF-405A-A9B5-A66452007C8E}.Release|x86.Build.0 = Release|Win32
		{291BC564-0CC4-4237-9744-8CA499749418}.Debug|x64.ActiveCfg = Debug|x64
		{291BC564-0CC4-4237-9744-8CA499749418}.Debug|x64.Build.0 = Debug|x64
		{291BC564-0CC4-4237-9744-8CA499749418}.Debug|x86.ActiveCfg = Debug|Win32
		{291BC564-0CC4-4237-9744-8CA499749418}.Debug|x86.Build.0 = Debug|Win32
		{291BC564-0CC4-4237-9744-8CA499749418}.Release|x64.ActiveCfg = Release|x64
		{291BC564-0CC4-4237-9744-8CA499749418}.Release|x64.Build.0 = Release|x64
		{291BC564-0CC4-4237-9744-8CA499749418}.Release|x86.ActiveCfg = Release|Win32
		{291BC564-0CC4-4237-9744-8CA499749418}.Release|x86.Build.0 = Release|Win32
		{35B560A2-F019-45C1-8870-628CD6C3E707}.Debug|x64.ActiveCfg = Debug|x64
		{35B560A2-F019-45C1-8870-628CD6C3E707}.Debug|x64.Build.0 = Debug|x64
		{35B560A2-F019-45C1-8870-628CD6C3E707}.Debug|x86.ActiveCfg = Debug|Win32
		{35B560A2-F019-45C1-8870-628CD6C3E707}.Debug|x86.Build.0 = Debug|Win32
		{35B560A2-F019-45C1-8870-628CD6C3E707}.Release|x64.ActiveCfg = Release|x64
		{35B560A2-F019-45C1-8870-628CD6C3E707}.Release|x64.Build.0 = Release|x64
		{35B560A2-F019-45C1-8870-628CD6C3E707}.Release|x86.ActiveCfg = Release|Win32
		{35B560A2-F019-45C1-8870-628CD6C3E707}.Release|x86.Build.0 = Release|Win32
		{E4933EAE-38BA-4877-A39C-7F612FBFC53A}.Debug|x64.ActiveCfg = Debug|x64
		{E4933EAE-38BA-4877-A39C-7F612FBFC53A}.Debug|x64.Build.0 = Debug|x64
		{E4933EAE-38BA-4877-A39C-7F612FBFC53A}.Debug|x86.ActiveCfg = Debug|Win32
		{E4933EAE-38BA-4877-A39C-7F612FBFC53A}.Debug|x86.Build.0 = Debug|Win32
		{E4933EAE-38BA-4877-A39C-7F612FBFC53A}.Release|x64.ActiveCfg = Release|x64
		{E4933EAE-38BA-4877-A39C-7F612FBFC53A}.Release|x64.Build.0 = Release|x64
		{E4933EAE-38BA-4877-A39C-7F612FBFC53A}.Release|x86.ActiveCfg = Release|Win32
		{E4933EAE-38BA-4877-A39C-7F612FBFC53A}.Release|x86.Build.0 = Release|Win32
		{F6F4ABB2-A295-4616-856D-BAD018C49EE2}.Debug|x64.ActiveCfg = Debug|x64
		{F6F4ABB2-A295-4616-856D-BAD018C49EE2}.Debug|x64.Build.0 = Debug|x64
		{F6F4ABB2-A295-4616-856D-BAD018C49EE2}.Debug|x86.ActiveCfg = Debug|Win32
		{F6F4ABB2-A295-4616-856D-BAD018C49EE2}.Debug|x86.Build.0 = Debug|Win32
		{F6F4ABB2-A295-4616-856D-BAD018C49EE2}.Release|x64.ActiveCfg = Release|x64
		{F6F4ABB2-A295-4616-856D-BAD018C49EE2}.Release|x64.Build.0 = Release|x64
		{F6F4ABB2-A295-4616-856D-BAD018C49EE2}.Release|x86.ActiveCfg = Release|Win32
		{F6F4ABB2-A295-4616-856D-BAD018C49EE2}.Release|x86.Build.0 = Release|Win32
		{2CC3A061-CF79-4C44-AB91-91BCF27AB4A5}.Debug|x64.ActiveCfg = Debug|x64
		{2CC3A061-CF79-4C44-AB91-91BCF27AB4A5}.Debug|x64.Build.0 = Debug|x64
		{2CC3A061-CF79-4C44-AB91-91BCF27AB4A5}.Debug|x86.ActiveCfg = Debug|Win32
		{2CC3A061-CF79-4C44-AB91-91BCF27AB4A5}.Debug|x86.Build.0 = Debug|Win32
		{2CC3A061-CF79-4C44-AB91-91BCF27AB4A5}.Release|x64.ActiveCfg = Release|x64
		{2CC3A061-CF79-4C44-AB91-91BCF27AB4A5}.Release|x64.Build.0 = Release|x64
		{2CC3A061-CF79-4C44-AB91-91BCF27AB4A5}.Release|x86.ActiveCfg = Release|Win32
		{2CC3A061-CF79-4C44-AB91-91BCF27AB4A5}.Release|x86.Build.0 = Release|Win32
		{BBA8E6C9-55A5-436C-80C9-3113389FB656}.Debug|x64.ActiveCfg = Debug|x64
		{BBA8E6C9-55A5-436C-80C9-3113389FB656}.Debug|x64.Build.0 = Debug|x64
		{BBA8E6C9-55A5-436C-80C9-3113389FB656}.Debug|x86.ActiveCfg = Debug|Win32
		{BBA8E6C9-55A5-436C-80C9-3113389FB656}.Debug|x86.Build.0 = Debug|Win32
		{BBA8E6C9-55A5-436C-80C9-3113389FB656}.Release|x64.ActiveCfg = Release|x64
		{BBA8E6C9-55A5-436C-80C9-3113389FB656}.Release|x64.Build.0 = Release|x64
		{BBA8E6C9-55A5-436C-80C9-3113389FB656}.Release|x86.ActiveCfg = Release|Win32
		{BBA8E6C9-55A5-436C-80C9-3113389FB656}.Release|x86.Build.0 = Release|Win32
		{28BD8FBA-B1DC-4432-B2B0-386328D727F9}.Debug|x64.ActiveCfg = Debug|x64
		{28BD8FBA-B1DC-4432-B2B0-386328D727F9}.Debug|x64.Build.0 = Debug|x64
		{28BD8FBA-B1DC-4432-B2B0-386328D727F9}.Debug|x86.ActiveCfg = Debug|Win32
		{28BD8FBA-B1DC-4432-B2B0-386328D727F9}.Debug|x86.Build.0 = Debug|Win32
		{28BD8FBA-B1DC-4432-B2B0-386328D727F9}.Release|x64.ActiveCfg = Release|x64
		{28BD8FBA-B1DC-4432-B2B0-386328D727F9}.Release|x64.Build.0 = Release|x64
		{28BD8FBA-B1DC-4432-B2B0-386328D727F9}.Release|x86.ActiveCfg = Release|Win32
		{28BD8FBA-B1DC-4432-B2B0-386328D727F9}.Release|x86.Build.0 = Release|Win32
		{C649A153-D2BA-4D1B-A1C5-ACF60A807DA4}.Debug|x64.ActiveCfg = Debug|x64
		{C649A153-D2BA-4D1B-A1C5-ACF60A807DA4}.Debug|x64.Build.0 = Debug|x64
		{C649A153-D2BA-4D1B-A1C5-ACF60A807DA4}.Debug|x86.ActiveCfg = Debug|Win32
		{C649A153-D2BA-4D1B-A1C5-ACF60A807DA4}.Debug|x86.Build.0 = Debug|Win32
		{C649A153-D2BA-4D1B-A1C5-ACF60A807DA4}.Release|x64.ActiveCfg = Release|x64
		{C649A153-D2BA-4D1B-A1C5-ACF60A807DA4}.Release|x64.Build.0 = Release|x64
		{C649A153-D2BA-4D1B-A1C5-ACF60A807DA4}.Release|x86.ActiveCfg = Release|Win32
		{C649A153-D2BA-4D1B-A1C5-ACF60A807DA4}.Release|x86.Build.0 = Release|Win32
		{57452DCE-DA20-4193-87E1-A7AEA3589F83}.Debug|x64.ActiveCfg = Debug|x64
		{57452DCE-DA20-4193-87E1-A7AEA3589F83}.Debug|x64.Build.0 = Debug|x64
		{57452DCE-DA20-4193-87E1-A7AEA3589F83}.Debug|x86.ActiveCfg = Debug|Win32
		{57452DCE-DA20-4193-87E1-A7AEA3589F83}.Debug|x86.Build.0 = Debug|Win32
		{57452DCE-DA20-4193-87E1-A7AEA3589F83}.Release|x64.ActiveCfg = Release|x64
		{57452DCE-DA20-4193-87E1-A7AEA3589F83}.Release|x64.Build.0 = Release|x64
		{57452DCE-DA20-4193-87E1-A7AEA3589F83}.Release|x86.ActiveCfg = Release|Win32
		{57452DCE-DA20-4193-87E1-A7AEA3589F83}.Release|x86.Build.0 = Release|Win32
		{24A88F16-C40D-41AD-92B1-B6EFF75562DA}.Debug|x64.ActiveCfg = Debug|x64
		{24A88F16-C40D-41AD-92B1-B6EFF75562DA}.Debug|x64.Build.0 = Debug|x64
		{24A88F16-C40D-41AD-92B1-B6EFF75562DA}.Debug|x86.ActiveCfg = Debug|Win32
		{24A88F16-C40D-41AD-92B1-B6EFF75562DA}.Debug|x86.Build.0 = Debug|Win32
		{24A88F16-C40D-41AD-92B1-B6EFF75562DA}.Release|x64.ActiveCfg = Release|x64
		{24A88F16-C40D-41AD-92B1-B6EFF75562DA}.Release|x64.Build.0 = Release|x64
		{24A88F16-C40D-41AD-92B1-B6EFF75562DA}.Release|x86.ActiveCfg = Release|Win32
		{24A88F16-C40D-41AD-92B1-B6EFF75562DA}.Release|x86.Build.0 = Release|Win32
		{82939555-6457-4A22-96A8-AFF91D551B50}.Debug|x64.ActiveCfg = Debug|x64
		{82939555-6457-4A22-96A8-AFF91D551B50}.Debug|x64.Build.0 = Debug|x64
		{82939555-6457-4A22-96A8-AFF91D551B50}.Debug|x86.ActiveCfg = Debug|Win32
		{82939555-6457-4A22-96A8-AFF91D551B50}.Debug|x86.Build.0 = Debug|Win32
		{82939555-6457-4A22-96A8-AFF91D551B50}.Release|x64.ActiveCfg = Release|x64
		{82939555-6457-4A22-96A8-AFF91D551B50}.Release|x64.Build.0 = Release|x64
		{82939555-6457-4A22-96A8-AFF91D551B50}.Release|x86.ActiveCfg = Release|Win32
		{82939555-6457-4A22-96A8-AFF91D551B50}.Release|x86.Build.0 = Release|Win32
		{0235B48F-44C6-4D6D-AA59-D5AC98921820}.Debug|x64.ActiveCfg = Debug|x64
		{0235B48F-44C6-4D6D-AA59-D5AC98921820}.Debug|x64.Build.0 = Debug|x64
		{0235B48F-44C6-4D6D-AA59-D5AC98921820}.Debug|x86.ActiveCfg = Debug|Win32
		{0235B48F-44C6-4D6D-AA59-D5AC98921820}.Debug|x86.Build.0 = Debug|Win32
		{0235B48F-44C6-4D6D-AA59-D5AC98921820}.Release|x64.ActiveCfg = Release|x64
		{0235B48F-44C6-4D6D-AA59-D5AC98921820}.Release|x64.Build.0 = Release|x64
		{0235B48F-44C6-4D6D-AA59-D5AC98921820}.Release|x86.ActiveCfg = Release|Win32
		{0235B48F-44C6-4D6D-AA59-D5AC98921820}.Release|x86.Build.0 = Release|Win32
		{46992142-ED1B-4672-A081-BA434E80D818}.Debug|x64.ActiveCfg = Debug|x64
		{46992142-ED1B-4672-A081-BA434E80D818}.Debug|x64.Build.0 = Debug|x64
		{46992142-ED1B-4672-A081-BA434E80D818}.Debug|x86.ActiveCfg = Debug|Win32
		{46992142-ED1B-4672-A081-BA434E80D818}.Debug|x86.Build.0 = Debug|Win32
		{46992142-ED1B-4672-A081-BA434E80D818}.Release|x64.ActiveCfg = Release|x64
		{46992142-ED1B-4672-A081-BA434E80D818}.Release|x64.Build.0 = Release|x64
		{46992142-ED1B-4672-A081-BA434E80D818}.Release|x86.ActiveCfg = Release|Win32
		{46992142-ED1B-4672-A081-BA434E80D818}.Release|x86.Build.0 = Release|Win32
		{692DDA64-ABFB-44F3-8077-98359182F3A9}.Debug|x64.ActiveCfg = Debug|x64
		{692DDA64-ABFB-44F3-8077-98359182F3A9}.Debug|x64.Build.0 = Debug|x64
		{692DDA64-ABFB-44F3-8077-98359182F3A9}.Debug|x86.ActiveCfg = Debug|Win32
		{692DDA64-ABFB-44F3-8077-98359182F3A9}.Debug|x86.Build.0 = Debug|Win32
		{692DDA64-ABFB-44F3-8077-98359182F3A9}.Release|x64.ActiveCfg = Release|x64
		{692DDA64-ABFB-44F3-8077-98359182F3A9}.Release|x64.Build.0 = Release|x64
		{692DDA64-ABFB-44F3-8077-98359182F3A9}.Release|x86.ActiveCfg = Release|Win32
		{692DDA64-ABFB-44F3-8077-98359182F3A9}.Release|x86.Build.0 = Release|Win32
		{9298FE61-80A4-4740-8013-6EB6CAED30C8}.Debug|x64.ActiveCfg = Debug|x64
		{9298FE61-80A4-4740-8013-6EB6CAED30C8}.Debug|x64.Build.0 = Debug|x64
		{9298FE61-80A4-4740-8013-6EB6CAED30C8}.Debug|x86.ActiveCfg = Debug|Win32
		{9298FE61-80A4-4740-8013-6EB6CAED30C8}.Debug|x86.Build.0 = Debug|Win32
		{9298FE61-80A4-4740-8013-6EB6CAED30C8}.Release|x64.ActiveCfg = Release|x64
		{9298FE61-80A4-4740-8013-6EB6CAED30C8}.Release|x64.Build.0 = Release|x64
		{9298FE61-80A4-4740-8013-6EB6CAED30C8}.Release|x86.ActiveCfg = Release|Win32
		{9298FE61-80A4-4740-8013-6EB6CAED30C8}.Release|x86.Build.0 = Release|Win32
		{7A89E9B8-6651-4C83-ADE1-C0A80B96CD1E}.Debug|x64.ActiveCfg = Debug|x64
		{7A89E9B8-6651-4C83-ADE1-C0A80B96CD1E}.Debug|x64.Build.0 = Debug|x64
		{7A89E9B8-6651-4C83-ADE1-C0A80B96CD1E}.Debug|x86.ActiveCfg = Debug|Win32
		{7A89E9B8-6651-4C83-ADE1-C0A80B96CD1E}.Debug|x86.Build.0 = Debug|Win32
		{7A89E9B8-6651-4C83-ADE1-C0A80B96CD1E}.Release|x64.ActiveCfg = Release|x64
		{7A89E9B8-6651-4C83-ADE1-C0A80B96CD1E}.Release|x64.Build.0 = Release|x64
		{7A89E9B8-6651-4C83-ADE1-C0A80B96CD1E}.Release|x86.ActiveCfg = Release|Win32
		{7A89E9B8-6651-4C83-ADE1-C0A80B96CD1E}.Release|x86.Build.0 = Release|Win32
		{DF9E5F7B-EEF7-4CF4-9AB5-C56BEDAAA217}.Debug|x64.ActiveCfg = Debug|x64
		{DF9E5F7B-EEF7-4CF4-9AB5-C56BEDAAA217}.Debug|x64.Build.0 = Debug|x64
		{DF9E5F7B-EEF7-4CF4-9AB5-C56BEDAAA217}.Debug|x86.ActiveCfg = Debug|Win32
		{DF9E5F7B-EEF7-4CF4-9AB5-C56BEDAAA217}.Debug|x86.Build.0 = Debug|Win32
		{DF9E5F7B-EEF7-4CF4-9AB5-C56BEDAAA217}.Release|x64.ActiveCfg = Release|x64
		{DF9E5F7B-EEF7-4CF4-9AB5-C56BEDAAA217}.Release|x64.Build.0 = Release|x64
		{DF9E5F7B-EEF7-4CF4-9AB5-C56BEDAAA217}.Release|x86.ActiveCfg = Release|Win32
		{DF9E5F7B-EEF7-4CF4-9AB5-C56BEDAAA217}.Release|x86.Build.0 = Release|Win32
		{2DDD0EEB-7ABE-4435-9397-790DE4AD5730}.Debug|x64.ActiveCfg = Debug|x64
		{2DDD0EEB-7ABE-4435-9397-790DE4AD5730}.Debug|x64.Build.0 = Debug|x64
		{2DDD0EEB-7ABE-4435-9397-790DE4AD5730}.Debug|x86.ActiveCfg = Debug|Win32
		{2DDD0EEB-7ABE-4435-9397-790DE4AD5730}.Debug|x86.Build.0 = Debug|Win32
		{2DDD0EEB-7ABE-4435-9397-790DE4AD5730}.Release|x64.ActiveCfg = Release|x64
		{2DDD0EEB-7ABE-4435-9397-790DE4AD5730}.Release|x64.Build.0 = Release|x64
		{2DDD0EEB-7ABE-4435-9397-790DE4AD5730}.Release|x86.ActiveCfg = Release|Win32
		{2DDD0EEB-7ABE-4435-9397-790DE4AD5730}.Release|x86.Build.0 = Release|Win32
		{8C7B3BBE-378B-4F7E-9A3A-DC80665D76EC}.Debug|x64.ActiveCfg = Debug|x64
		{8C7B3BBE-378B-4F7E-9A3A-DC80665D76EC}.Debug|x64.Build.0 = Debug|x64
		{8C7B3BBE-378B-4F7E-9A3A-DC80665D76EC}.Debug|x86.ActiveCfg = Debug|Win32
		{8C7B3BBE-378B-4F7E-9A3A-DC80665D76EC}.Debug|x86.Build.0 = Debug|Win32
		{8C7B3BBE-378B-4F7E-9A3A-DC80665D76EC}.Release|x64.ActiveCfg = Release|x64
		{8C7B3BBE-378B-4F7E-9A3A-DC80665D76EC}.Release|x64.Build.0 = Release|x64
		{8C7B3BBE-378B-4F7E-9A3A-DC80665D76EC}.Release|x86.ActiveCfg = Release|Win32
		{8C7B3BBE-378B-4F7E-9A3A-DC80665D76EC}.Release|x86.Build.0 = Release|Win32
		{8A80B1F3-27C2-4F0A-BED5-9F74C67AC5A9}.Debug|x64.ActiveCfg = Debug|x64
		{8A80B1F3-27C2-4F0A-BED5-9F74C67AC5A9}.Debug|x64.Build.0 = Debug|x64
		{8A80B1F3-27C2-4F0A-BED5-9F74C67AC5A9}.Debug|x86.ActiveCfg = Debug|Win32
		{8A80B1F3-27C2-4F0A-BED5-9F74C67AC5A9}.Debug|x86.Build.0 = Debug|Win32
		{8A80B1F3-27C2-4F0A-BED5-9F74C67AC5A9}.Release|x64.ActiveCfg = Release|x64
		{8A80B1F3-27C2-4F0A-BED5-9F74C67AC5A9}.Release|x64.Build.0 = Release|x64
		{8A80B1F3-27C2-4F0A-BED5-9F74C67AC5A9}.Release|x86.ActiveCfg = Release|Win32
		{8A80B1F3-27C2-4F0A-BED5-9F74C67AC5A9}.Release|x86.Build.0 = Release|Win32
		{85E0C194-F0E2-4C9B-ACF5-EEB1593492EB}.Debug|x64.ActiveCfg = Debug|x64
		{85E0C194-F0E2-4C9B-ACF5-EEB1593492EB}.Debug|x64.Build.0 = Debug|x64
		{85E0C194-F0E2-4C9B-ACF5-EEB1593492EB}.Debug|x86.ActiveCfg = Debug|Win32
		{85E0C194-F0E2-4C9B-ACF5-EEB1593492EB}.Debug|x86.Build.0 = Debug|Win32
		{85E0C194-F0E2-4C9B-ACF5-EEB1593492EB}.Release|x64.ActiveCfg = Release|x64
		{85E0C194-F0E2-4C9B-ACF5-EEB1593492EB}.Release|x64.Build.0 = Release|x64
		{85E0C194-F0E2-4C9B-ACF5-EEB1593492EB}.Release|x86.ActiveCfg = Release|Win32
		{85E0C194-F0E2-4C9B-ACF5-EEB1593492EB}.Release|x86.Build.0 = Release|Win32
		{9218EB7E-E9D0-4EAE-84DB-3CE474D93B8E}.Debug|x64.ActiveCfg = Debug|x64
		{9218EB7E-E9D0-4EAE-84DB-3CE474D93B8E}.Debug|x64.Build.0 = Debug|x64
		{9218EB7E-E9D0-4EAE-84DB-3CE474D93B8E}.Debug|x86.ActiveCfg = Debug|Win32
		{9218EB7E-E9D0-4EAE-84DB-3CE474D93B8E}.Debug|x86.Build.0 = Debug|Win32
		{9218EB7E-E9D0-4EAE-84DB-3CE474D93B8E}.Release|x64.ActiveCfg = Release|x64
		{9218EB7E-E9D0-4EAE-84DB-3CE474D93B8E}.Release|x64.Build.0 = Release|x64
		{9218EB7E-E9D0-4EAE-84DB-3CE474D93B8E}.Release|x86.ActiveCfg = Release|Win32
		{9218EB7E-E9D0-4EAE-84DB-3CE474D93B8E}.Release|x86.Build.0 = Release|Win32
		{72C4920D-088F-4796-8816-64FEB2329129}.Debug|x64.ActiveCfg = Debug|x64
		{72C4920D-088F-4796-8816-64FEB2329129}.Debug|x64.Build.0 = Debug|x64
		{72C4920D-088F-4796-8816-64FEB2329129}.Debug|x86.ActiveCfg = Debug|Win32
		{72C4920D-088F-4796-8816-64FEB2329129}.Debug|x86.Build.0 = Debug|Win32
		{72C4920D-088F-4796-8816-64FEB2329129}.Release|x64.ActiveCfg = Release|x64
		{72C4920D-088F-4796-8816-64FEB2329129}.Release|x64.Build.0 = Release|x64
		{72C4920D-088F-4796-8816-64FEB2329129}.Release|x86.ActiveCfg = Release|Win32
		{72C4920D-088F-4796-8816-64FEB2329129}.Release|x86.Build.0 = Release|Win32
		{DBE864C9-00F3-4BF1-849C-FBE61F994B50}.Debug|x64.ActiveCfg = Debug|x64
		{DBE864C9-00F3-4BF1-849C-FBE61F994B50}.Debug|x64.Build.0 = Debug|x64
		{DBE864C9-00F3-4BF1-849C-FBE61F994B50}.Debug|x86.ActiveCfg = Debug|Win32
		{DBE864C9-00F3-4BF1-849C-FBE61F994B50}.Debug|x86.Build.0 = Debug|Win32
		{DBE864C9-00F3-4BF1-849C-FBE61F994B50}.Release|x64.ActiveCfg = Release|x64
		{DBE864C9-00F3-4BF1-849C-FBE61F994B50}.Release|x64.Build.0 = Release|x64
		{DBE864C9-00F3-4BF1-849C-FBE61F994B50}.Release|x86.ActiveCfg = Release|Win32
		{DBE864C9-00F3-4BF1-849C-FBE61F994B50}.Release|x86.Build.0 = Release|Win32
	EndGlobalSection
	GlobalSection(SolutionProperties) = preSolution
		HideSolutionNode = FALSE
	EndGlobalSection
	GlobalSection(NestedProjects) = preSolution
		{45B41E1F-6EF2-4107-B13D-D187B45F7F13} = {45DE96AD-9B97-41D6-B602-62DA9DCA84B9}
		{843B3C37-0591-46D8-BCC3-BB3F9D1C4370} = {DB568675-8131-4B61-8E88-A6E253C8D594}
		{132B0F29-5A6A-4F16-BA9E-D9F0406D1300} = {DB568675-8131-4B61-8E88-A6E253C8D594}
		{7FD5FF3D-67BF-405A-A9B5-A66452007C8E} = {DB568675-8131-4B61-8E88-A6E253C8D594}
		{291BC564-0CC4-4237-9744-8CA499749418} = {DB568675-8131-4B61-8E88-A6E253C8D594}
		{35B560A2-F019-45C1-8870-628CD6C3E707} = {45DE96AD-9B97-41D6-B602-62DA9DCA84B9}
		{E4933EAE-38BA-4877-A39C-7F612FBFC53A} = {DB568675-8131-4B61-8E88-A6E253C8D594}
		{F6F4ABB2-A295-4616-856D-BAD018C49EE2} = {DB568675-8131-4B61-8E88-A6E253C8D594}
		{2CC3A061-CF79-4C44-AB91-91BCF27AB4A5} = {BB7B8321-F153-416E-8545-8E2098D311B5}
		{BBA8E6C9-55A5-436C-80C9-3113389FB656} = {DB568675-8131-4B61-8E88-A6E253C8D594}
		{28BD8FBA-B1DC-4432-B2B0-386328D727F9} = {45DE96AD-9B97-41D6-B602-62DA9DCA84B9}
		{C649A153-D2BA-4D1B-A1C5-ACF60A807DA4} = {DB568675-8131-4B61-8E88-A6E253C8D594}
		{57452DCE-DA20-4193-87E1-A7AEA3589F83} = {45DE96AD-9B97-41D6-B602-62DA9DCA84B9}
		{24A88F16-C40D-41AD-92B1-B6EFF75562DA} = {DB568675-8131-4B61-8E88-A6E253C8D594}
		{82939555-6457-4A22-96A8-AFF91D551B50} = {45DE96AD-9B97-41D6-B602-62DA9DCA84B9}
		{0235B48F-44C6-4D6D-AA59-D5AC98921820} = {45DE96AD-9B97-41D6-B602-62DA9DCA84B9}
		{46992142-ED1B-4672-A081-BA434E80D818} = {45DE96AD-9B97-41D6-B602-62DA9DCA84B9}
		{692DDA64-ABFB-44F3-8077-98359182F3A9} = {45DE96AD-9B97-41D6-B602-62DA9DCA84B9}
		{9298FE61-80A4-4740-8013-6EB6CAED30C8} = {45DE96AD-9B97-41D6-B602-62DA9DCA84B9}
		{7A89E9B8-6651-4C83-ADE1-C0A80B96CD1E} = {45DE96AD-9B97-41D6-B602-62DA9DCA84B9}
		{DF9E5F7B-EEF7-4CF4-9AB5-C56BEDAAA217} = {45DE96AD-9B97-41D6-B602-62DA9DCA84B9}
		{2DDD0EEB-7ABE-4435-9397-790DE4AD5730} = {45DE96AD-9B97-41D6-B602-62DA9DCA84B9}
		{8C7B3BBE-378B-4F7E-9A3A-DC80665D76EC} = {45DE96AD-9B97-41D6-B602-62DA9DCA84B9}
		{8A80B1F3-27C2-4F0A-BED5-9F74C67AC5A9} = {45DE96AD-9B97-41D6-B602-62DA9DCA84B9}
		{85E0C194-F0E2-4C9B-ACF5-EEB1593492EB} = {45DE96AD-9B97-41D6-B602-62DA9DCA84B9}
		{9218EB7E-E9D0-4EAE-84DB-3CE474D93B8E} = {45DE96AD-9B97-41D6-B602-62DA9DCA84B9}
		{72C4920D-088F-4796-8816-64FEB2329129} = {94215A1C-F2EF-4CCB-A2AB-CCDA12D9B979}
		{DBE864C9-00F3-4BF1-849C-FBE61F994B50} = {45DE96AD-9B97-41D6-B602-62DA9DCA84B9}
	EndGlobalSection
EndGlobal
